
Microsoft Visual Studio Solution File, Format Version 12.00
# Visual Studio Version 16
VisualStudioVersion = 16.0.31229.75
MinimumVisualStudioVersion = 10.0.40219.1
Project("{FAE04EC0-301F-11D3-BF4B-00C04F79EFBC}") = "APP1", "APP1.csproj", "{46657735-9C53-4DF3-A1C9-AED320592CDC}"
EndProject
Global
	GlobalSection(SolutionConfigurationPlatforms) = preSolution
		Debug|Any CPU = Debug|Any CPU
		Release|Any CPU = Release|Any CPU
	EndGlobalSection
	GlobalSection(ProjectConfigurationPlatforms) = postSolution
		{46657735-9C53-4DF3-A1C9-AED320592CDC}.Debug|Any CPU.ActiveCfg = Debug|Any CPU
		{46657735-9C53-4DF3-A1C9-AED320592CDC}.Debug|Any CPU.Build.0 = Debug|Any CPU
		{46657735-9C53-4DF3-A1C9-AED320592CDC}.Release|Any CPU.ActiveCfg = Release|Any CPU
		{46657735-9C53-4DF3-A1C9-AED320592CDC}.Release|Any CPU.Build.0 = Release|Any CPU
	EndGlobalSection
	GlobalSection(SolutionProperties) = preSolution
		HideSolutionNode = FALSE
	EndGlobalSection
	GlobalSection(ExtensibilityGlobals) = postSolution
		SolutionGuid = {B2224D5C-8275-4C79-9723-6E472EA6F939}
	EndGlobalSection
EndGlobal
